// !$*UTF8*$!
{
	archiveVersion = 1;
	classes = {
	};
	objectVersion = 56;
	objects = {

/* Begin PBXBuildFile section */
		72882D222A845AEB00CDA89A /* Profile.swift in Sources */ = {isa = PBXBuildFile; fileRef = 72882D212A845AEB00CDA89A /* Profile.swift */; };
		72BFB4222A80870800C4CE0D /* AppDelegate.swift in Sources */ = {isa = PBXBuildFile; fileRef = 72BFB4212A80870800C4CE0D /* AppDelegate.swift */; };
		72BFB4242A80870800C4CE0D /* SceneDelegate.swift in Sources */ = {isa = PBXBuildFile; fileRef = 72BFB4232A80870800C4CE0D /* SceneDelegate.swift */; };
		72BFB42B2A80870A00C4CE0D /* Assets.xcassets in Resources */ = {isa = PBXBuildFile; fileRef = 72BFB42A2A80870A00C4CE0D /* Assets.xcassets */; };
		72BFB42E2A80870A00C4CE0D /* LaunchScreen.storyboard in Resources */ = {isa = PBXBuildFile; fileRef = 72BFB42C2A80870A00C4CE0D /* LaunchScreen.storyboard */; };
		72BFB4372A8087D700C4CE0D /* HomeController.swift in Sources */ = {isa = PBXBuildFile; fileRef = 72BFB4362A8087D700C4CE0D /* HomeController.swift */; };
		72BFB43A2A8087FC00C4CE0D /* Extensions+Constants.swift in Sources */ = {isa = PBXBuildFile; fileRef = 72BFB4392A8087FC00C4CE0D /* Extensions+Constants.swift */; };
		72C532A22A80944C00B8DEBA /* Garment.swift in Sources */ = {isa = PBXBuildFile; fileRef = 72C532A02A80944C00B8DEBA /* Garment.swift */; };
		72C532A32A80944C00B8DEBA /* Outfit.swift in Sources */ = {isa = PBXBuildFile; fileRef = 72C532A12A80944C00B8DEBA /* Outfit.swift */; };
		72C532A52A80948900B8DEBA /* ColorMatchService.swift in Sources */ = {isa = PBXBuildFile; fileRef = 72C532A42A80948900B8DEBA /* ColorMatchService.swift */; };
		72C532A92A8094B800B8DEBA /* UserDefaultsExtension.swift in Sources */ = {isa = PBXBuildFile; fileRef = 72C532A62A8094B800B8DEBA /* UserDefaultsExtension.swift */; };
		72C532AA2A8094B800B8DEBA /* CalendarService.swift in Sources */ = {isa = PBXBuildFile; fileRef = 72C532A72A8094B800B8DEBA /* CalendarService.swift */; };
		72C532AB2A8094B800B8DEBA /* UserDefaultsManager.swift in Sources */ = {isa = PBXBuildFile; fileRef = 72C532A82A8094B800B8DEBA /* UserDefaultsManager.swift */; };
		72C532B42A8095B900B8DEBA /* LaLabsu2netp.mlmodelc in Resources */ = {isa = PBXBuildFile; fileRef = 72C532AE2A8095B800B8DEBA /* LaLabsu2netp.mlmodelc */; };
		72C532B52A8095B900B8DEBA /* LaLabsu2netp.swift in Sources */ = {isa = PBXBuildFile; fileRef = 72C532AF2A8095B800B8DEBA /* LaLabsu2netp.swift */; };
		72C532B62A8095B900B8DEBA /* BackgroundRemoval.swift in Sources */ = {isa = PBXBuildFile; fileRef = 72C532B02A8095B900B8DEBA /* BackgroundRemoval.swift */; };
		72C532B72A8095B900B8DEBA /* LICENSE-BackgroundRemoval in Resources */ = {isa = PBXBuildFile; fileRef = 72C532B12A8095B900B8DEBA /* LICENSE-BackgroundRemoval */; };
		72C532B82A8095B900B8DEBA /* Factory.swift in Sources */ = {isa = PBXBuildFile; fileRef = 72C532B32A8095B900B8DEBA /* Factory.swift */; };
		72C532BB2A80962700B8DEBA /* Localizable.strings in Resources */ = {isa = PBXBuildFile; fileRef = 72C532BD2A80962700B8DEBA /* Localizable.strings */; };
		72C532C12A8195D300B8DEBA /* CellComponents.swift in Sources */ = {isa = PBXBuildFile; fileRef = 72C532C02A8195D300B8DEBA /* CellComponents.swift */; };
		72C532C42A81991E00B8DEBA /* Dosis.ttf in Resources */ = {isa = PBXBuildFile; fileRef = 72C532C32A81991E00B8DEBA /* Dosis.ttf */; };
		72C532C62A819ADD00B8DEBA /* GarmentsController.swift in Sources */ = {isa = PBXBuildFile; fileRef = 72C532C52A819ADD00B8DEBA /* GarmentsController.swift */; };
		72C532C82A819C7400B8DEBA /* ViewComponents.swift in Sources */ = {isa = PBXBuildFile; fileRef = 72C532C72A819C7400B8DEBA /* ViewComponents.swift */; };
		72C532CA2A81B31700B8DEBA /* ProfileController.swift in Sources */ = {isa = PBXBuildFile; fileRef = 72C532C92A81B31700B8DEBA /* ProfileController.swift */; };
/* End PBXBuildFile section */

/* Begin PBXFileReference section */
		72882D212A845AEB00CDA89A /* Profile.swift */ = {isa = PBXFileReference; lastKnownFileType = sourcecode.swift; path = Profile.swift; sourceTree = "<group>"; };
		72BFB41E2A80870800C4CE0D /* Testfiter.app */ = {isa = PBXFileReference; explicitFileType = wrapper.application; includeInIndex = 0; path = Testfiter.app; sourceTree = BUILT_PRODUCTS_DIR; };
		72BFB4212A80870800C4CE0D /* AppDelegate.swift */ = {isa = PBXFileReference; lastKnownFileType = sourcecode.swift; path = AppDelegate.swift; sourceTree = "<group>"; };
		72BFB4232A80870800C4CE0D /* SceneDelegate.swift */ = {isa = PBXFileReference; lastKnownFileType = sourcecode.swift; path = SceneDelegate.swift; sourceTree = "<group>"; };
		72BFB42A2A80870A00C4CE0D /* Assets.xcassets */ = {isa = PBXFileReference; lastKnownFileType = folder.assetcatalog; path = Assets.xcassets; sourceTree = "<group>"; };
		72BFB42D2A80870A00C4CE0D /* Base */ = {isa = PBXFileReference; lastKnownFileType = file.storyboard; name = Base; path = Base.lproj/LaunchScreen.storyboard; sourceTree = "<group>"; };
		72BFB42F2A80870A00C4CE0D /* Info.plist */ = {isa = PBXFileReference; lastKnownFileType = text.plist.xml; path = Info.plist; sourceTree = "<group>"; };
		72BFB4362A8087D700C4CE0D /* HomeController.swift */ = {isa = PBXFileReference; lastKnownFileType = sourcecode.swift; path = HomeController.swift; sourceTree = "<group>"; };
		72BFB4392A8087FC00C4CE0D /* Extensions+Constants.swift */ = {isa = PBXFileReference; lastKnownFileType = sourcecode.swift; path = "Extensions+Constants.swift"; sourceTree = "<group>"; };
		72C532A02A80944C00B8DEBA /* Garment.swift */ = {isa = PBXFileReference; fileEncoding = 4; lastKnownFileType = sourcecode.swift; path = Garment.swift; sourceTree = "<group>"; };
		72C532A12A80944C00B8DEBA /* Outfit.swift */ = {isa = PBXFileReference; fileEncoding = 4; lastKnownFileType = sourcecode.swift; path = Outfit.swift; sourceTree = "<group>"; };
		72C532A42A80948900B8DEBA /* ColorMatchService.swift */ = {isa = PBXFileReference; fileEncoding = 4; lastKnownFileType = sourcecode.swift; path = ColorMatchService.swift; sourceTree = "<group>"; };
		72C532A62A8094B800B8DEBA /* UserDefaultsExtension.swift */ = {isa = PBXFileReference; fileEncoding = 4; lastKnownFileType = sourcecode.swift; path = UserDefaultsExtension.swift; sourceTree = "<group>"; };
		72C532A72A8094B800B8DEBA /* CalendarService.swift */ = {isa = PBXFileReference; fileEncoding = 4; lastKnownFileType = sourcecode.swift; path = CalendarService.swift; sourceTree = "<group>"; };
		72C532A82A8094B800B8DEBA /* UserDefaultsManager.swift */ = {isa = PBXFileReference; fileEncoding = 4; lastKnownFileType = sourcecode.swift; path = UserDefaultsManager.swift; sourceTree = "<group>"; };
		72C532AE2A8095B800B8DEBA /* LaLabsu2netp.mlmodelc */ = {isa = PBXFileReference; lastKnownFileType = wrapper; path = LaLabsu2netp.mlmodelc; sourceTree = "<group>"; };
		72C532AF2A8095B800B8DEBA /* LaLabsu2netp.swift */ = {isa = PBXFileReference; fileEncoding = 4; lastKnownFileType = sourcecode.swift; path = LaLabsu2netp.swift; sourceTree = "<group>"; };
		72C532B02A8095B900B8DEBA /* BackgroundRemoval.swift */ = {isa = PBXFileReference; fileEncoding = 4; lastKnownFileType = sourcecode.swift; path = BackgroundRemoval.swift; sourceTree = "<group>"; };
		72C532B12A8095B900B8DEBA /* LICENSE-BackgroundRemoval */ = {isa = PBXFileReference; fileEncoding = 4; lastKnownFileType = text; path = "LICENSE-BackgroundRemoval"; sourceTree = "<group>"; };
		72C532B32A8095B900B8DEBA /* Factory.swift */ = {isa = PBXFileReference; fileEncoding = 4; lastKnownFileType = sourcecode.swift; path = Factory.swift; sourceTree = "<group>"; };
		72C532BC2A80962700B8DEBA /* en */ = {isa = PBXFileReference; lastKnownFileType = text.plist.strings; name = en; path = en.lproj/Localizable.strings; sourceTree = "<group>"; };
		72C532BE2A80963D00B8DEBA /* es */ = {isa = PBXFileReference; lastKnownFileType = text.plist.strings; name = es; path = es.lproj/Localizable.strings; sourceTree = "<group>"; };
		72C532C02A8195D300B8DEBA /* CellComponents.swift */ = {isa = PBXFileReference; lastKnownFileType = sourcecode.swift; path = CellComponents.swift; sourceTree = "<group>"; };
		72C532C32A81991E00B8DEBA /* Dosis.ttf */ = {isa = PBXFileReference; lastKnownFileType = file; path = Dosis.ttf; sourceTree = "<group>"; };
		72C532C52A819ADD00B8DEBA /* GarmentsController.swift */ = {isa = PBXFileReference; lastKnownFileType = sourcecode.swift; path = GarmentsController.swift; sourceTree = "<group>"; };
		72C532C72A819C7400B8DEBA /* ViewComponents.swift */ = {isa = PBXFileReference; lastKnownFileType = sourcecode.swift; path = ViewComponents.swift; sourceTree = "<group>"; };
		72C532C92A81B31700B8DEBA /* ProfileController.swift */ = {isa = PBXFileReference; lastKnownFileType = sourcecode.swift; path = ProfileController.swift; sourceTree = "<group>"; };
/* End PBXFileReference section */

/* Begin PBXFrameworksBuildPhase section */
		72BFB41B2A80870800C4CE0D /* Frameworks */ = {
			isa = PBXFrameworksBuildPhase;
			buildActionMask = 2147483647;
			files = (
			);
			runOnlyForDeploymentPostprocessing = 0;
		};
/* End PBXFrameworksBuildPhase section */

/* Begin PBXGroup section */
		72BFB4152A80870800C4CE0D = {
			isa = PBXGroup;
			children = (
				72BFB4202A80870800C4CE0D /* Testfiter */,
				72BFB41F2A80870800C4CE0D /* Products */,
			);
			sourceTree = "<group>";
		};
		72BFB41F2A80870800C4CE0D /* Products */ = {
			isa = PBXGroup;
			children = (
				72BFB41E2A80870800C4CE0D /* Testfiter.app */,
			);
			name = Products;
			sourceTree = "<group>";
		};
		72BFB4202A80870800C4CE0D /* Testfiter */ = {
			isa = PBXGroup;
			children = (
				72BFB4212A80870800C4CE0D /* AppDelegate.swift */,
				72BFB4232A80870800C4CE0D /* SceneDelegate.swift */,
				72C5329F2A80940E00B8DEBA /* Models */,
				72C532BF2A8195C500B8DEBA /* Components */,
				72BFB4382A8087F100C4CE0D /* Helpers */,
				72BFB4352A8087C500C4CE0D /* Controllers */,
				72C532C22A81991200B8DEBA /* Fonts */,
				72C532BD2A80962700B8DEBA /* Localizable.strings */,
				72BFB42A2A80870A00C4CE0D /* Assets.xcassets */,
				72BFB42C2A80870A00C4CE0D /* LaunchScreen.storyboard */,
				72BFB42F2A80870A00C4CE0D /* Info.plist */,
			);
			path = Testfiter;
			sourceTree = "<group>";
		};
		72BFB4352A8087C500C4CE0D /* Controllers */ = {
			isa = PBXGroup;
			children = (
				72BFB4362A8087D700C4CE0D /* HomeController.swift */,
				72C532C52A819ADD00B8DEBA /* GarmentsController.swift */,
				72C532C92A81B31700B8DEBA /* ProfileController.swift */,
			);
			path = Controllers;
			sourceTree = "<group>";
		};
		72BFB4382A8087F100C4CE0D /* Helpers */ = {
			isa = PBXGroup;
			children = (
				72C532AC2A8095A900B8DEBA /* BackgroundRemoval */,
				72BFB4392A8087FC00C4CE0D /* Extensions+Constants.swift */,
				72C532A42A80948900B8DEBA /* ColorMatchService.swift */,
				72C532A72A8094B800B8DEBA /* CalendarService.swift */,
				72C532A62A8094B800B8DEBA /* UserDefaultsExtension.swift */,
				72C532A82A8094B800B8DEBA /* UserDefaultsManager.swift */,
			);
			path = Helpers;
			sourceTree = "<group>";
		};
		72C5329F2A80940E00B8DEBA /* Models */ = {
			isa = PBXGroup;
			children = (
				72C532A02A80944C00B8DEBA /* Garment.swift */,
				72C532A12A80944C00B8DEBA /* Outfit.swift */,
				72882D212A845AEB00CDA89A /* Profile.swift */,
			);
			path = Models;
			sourceTree = "<group>";
		};
		72C532AC2A8095A900B8DEBA /* BackgroundRemoval */ = {
			isa = PBXGroup;
			children = (
				72C532B02A8095B900B8DEBA /* BackgroundRemoval.swift */,
				72C532B12A8095B900B8DEBA /* LICENSE-BackgroundRemoval */,
				72C532AD2A8095B800B8DEBA /* model */,
				72C532B22A8095B900B8DEBA /* utils */,
			);
			path = BackgroundRemoval;
			sourceTree = "<group>";
		};
		72C532AD2A8095B800B8DEBA /* model */ = {
			isa = PBXGroup;
			children = (
				72C532AE2A8095B800B8DEBA /* LaLabsu2netp.mlmodelc */,
				72C532AF2A8095B800B8DEBA /* LaLabsu2netp.swift */,
			);
			path = model;
			sourceTree = "<group>";
		};
		72C532B22A8095B900B8DEBA /* utils */ = {
			isa = PBXGroup;
			children = (
				72C532B32A8095B900B8DEBA /* Factory.swift */,
			);
			path = utils;
			sourceTree = "<group>";
		};
		72C532BF2A8195C500B8DEBA /* Components */ = {
			isa = PBXGroup;
			children = (
				72C532C72A819C7400B8DEBA /* ViewComponents.swift */,
				72C532C02A8195D300B8DEBA /* CellComponents.swift */,
			);
			path = Components;
			sourceTree = "<group>";
		};
		72C532C22A81991200B8DEBA /* Fonts */ = {
			isa = PBXGroup;
			children = (
				72C532C32A81991E00B8DEBA /* Dosis.ttf */,
			);
			path = Fonts;
			sourceTree = "<group>";
		};
/* End PBXGroup section */

/* Begin PBXNativeTarget section */
		72BFB41D2A80870800C4CE0D /* Testfiter */ = {
			isa = PBXNativeTarget;
			buildConfigurationList = 72BFB4322A80870A00C4CE0D /* Build configuration list for PBXNativeTarget "Testfiter" */;
			buildPhases = (
				72BFB41A2A80870800C4CE0D /* Sources */,
				72BFB41B2A80870800C4CE0D /* Frameworks */,
				72BFB41C2A80870800C4CE0D /* Resources */,
			);
			buildRules = (
			);
			dependencies = (
			);
			name = Testfiter;
			productName = Testfiter;
			productReference = 72BFB41E2A80870800C4CE0D /* Testfiter.app */;
			productType = "com.apple.product-type.application";
		};
/* End PBXNativeTarget section */

/* Begin PBXProject section */
		72BFB4162A80870800C4CE0D /* Project object */ = {
			isa = PBXProject;
			attributes = {
				BuildIndependentTargetsInParallel = 1;
				LastSwiftUpdateCheck = 1420;
				LastUpgradeCheck = 1420;
				TargetAttributes = {
					72BFB41D2A80870800C4CE0D = {
						CreatedOnToolsVersion = 14.2;
					};
				};
			};
			buildConfigurationList = 72BFB4192A80870800C4CE0D /* Build configuration list for PBXProject "Testfiter" */;
			compatibilityVersion = "Xcode 14.0";
			developmentRegion = en;
			hasScannedForEncodings = 0;
			knownRegions = (
				en,
				Base,
				es,
			);
			mainGroup = 72BFB4152A80870800C4CE0D;
			productRefGroup = 72BFB41F2A80870800C4CE0D /* Products */;
			projectDirPath = "";
			projectRoot = "";
			targets = (
				72BFB41D2A80870800C4CE0D /* Testfiter */,
			);
		};
/* End PBXProject section */

/* Begin PBXResourcesBuildPhase section */
		72BFB41C2A80870800C4CE0D /* Resources */ = {
			isa = PBXResourcesBuildPhase;
			buildActionMask = 2147483647;
			files = (
				72C532BB2A80962700B8DEBA /* Localizable.strings in Resources */,
				72C532B42A8095B900B8DEBA /* LaLabsu2netp.mlmodelc in Resources */,
				72BFB42E2A80870A00C4CE0D /* LaunchScreen.storyboard in Resources */,
				72BFB42B2A80870A00C4CE0D /* Assets.xcassets in Resources */,
				72C532B72A8095B900B8DEBA /* LICENSE-BackgroundRemoval in Resources */,
				72C532C42A81991E00B8DEBA /* Dosis.ttf in Resources */,
			);
			runOnlyForDeploymentPostprocessing = 0;
		};
/* End PBXResourcesBuildPhase section */

/* Begin PBXSourcesBuildPhase section */
		72BFB41A2A80870800C4CE0D /* Sources */ = {
			isa = PBXSourcesBuildPhase;
			buildActionMask = 2147483647;
			files = (
				72C532C82A819C7400B8DEBA /* ViewComponents.swift in Sources */,
				72C532A52A80948900B8DEBA /* ColorMatchService.swift in Sources */,
				72BFB4222A80870800C4CE0D /* AppDelegate.swift in Sources */,
				72C532C62A819ADD00B8DEBA /* GarmentsController.swift in Sources */,
				72C532A92A8094B800B8DEBA /* UserDefaultsExtension.swift in Sources */,
				72BFB43A2A8087FC00C4CE0D /* Extensions+Constants.swift in Sources */,
				72C532AA2A8094B800B8DEBA /* CalendarService.swift in Sources */,
				72882D222A845AEB00CDA89A /* Profile.swift in Sources */,
				72C532B82A8095B900B8DEBA /* Factory.swift in Sources */,
				72C532A32A80944C00B8DEBA /* Outfit.swift in Sources */,
				72C532C12A8195D300B8DEBA /* CellComponents.swift in Sources */,
				72C532AB2A8094B800B8DEBA /* UserDefaultsManager.swift in Sources */,
				72C532A22A80944C00B8DEBA /* Garment.swift in Sources */,
				72C532B62A8095B900B8DEBA /* BackgroundRemoval.swift in Sources */,
				72C532B52A8095B900B8DEBA /* LaLabsu2netp.swift in Sources */,
				72BFB4242A80870800C4CE0D /* SceneDelegate.swift in Sources */,
				72BFB4372A8087D700C4CE0D /* HomeController.swift in Sources */,
				72C532CA2A81B31700B8DEBA /* ProfileController.swift in Sources */,
			);
			runOnlyForDeploymentPostprocessing = 0;
		};
/* End PBXSourcesBuildPhase section */

/* Begin PBXVariantGroup section */
		72BFB42C2A80870A00C4CE0D /* LaunchScreen.storyboard */ = {
			isa = PBXVariantGroup;
			children = (
				72BFB42D2A80870A00C4CE0D /* Base */,
			);
			name = LaunchScreen.storyboard;
			sourceTree = "<group>";
		};
		72C532BD2A80962700B8DEBA /* Localizable.strings */ = {
			isa = PBXVariantGroup;
			children = (
				72C532BC2A80962700B8DEBA /* en */,
				72C532BE2A80963D00B8DEBA /* es */,
			);
			name = Localizable.strings;
			sourceTree = "<group>";
		};
/* End PBXVariantGroup section */

/* Begin XCBuildConfiguration section */
		72BFB4302A80870A00C4CE0D /* Debug */ = {
			isa = XCBuildConfiguration;
			buildSettings = {
				ALWAYS_SEARCH_USER_PATHS = NO;
				CLANG_ANALYZER_LOCALIZABILITY_NONLOCALIZED = YES;
				CLANG_ANALYZER_NONNULL = YES;
				CLANG_ANALYZER_NUMBER_OBJECT_CONVERSION = YES_AGGRESSIVE;
				CLANG_CXX_LANGUAGE_STANDARD = "gnu++20";
				CLANG_ENABLE_MODULES = YES;
				CLANG_ENABLE_OBJC_ARC = YES;
				CLANG_ENABLE_OBJC_WEAK = YES;
				CLANG_WARN_BLOCK_CAPTURE_AUTORELEASING = YES;
				CLANG_WARN_BOOL_CONVERSION = YES;
				CLANG_WARN_COMMA = YES;
				CLANG_WARN_CONSTANT_CONVERSION = YES;
				CLANG_WARN_DEPRECATED_OBJC_IMPLEMENTATIONS = YES;
				CLANG_WARN_DIRECT_OBJC_ISA_USAGE = YES_ERROR;
				CLANG_WARN_DOCUMENTATION_COMMENTS = YES;
				CLANG_WARN_EMPTY_BODY = YES;
				CLANG_WARN_ENUM_CONVERSION = YES;
				CLANG_WARN_INFINITE_RECURSION = YES;
				CLANG_WARN_INT_CONVERSION = YES;
				CLANG_WARN_NON_LITERAL_NULL_CONVERSION = YES;
				CLANG_WARN_OBJC_IMPLICIT_RETAIN_SELF = YES;
				CLANG_WARN_OBJC_LITERAL_CONVERSION = YES;
				CLANG_WARN_OBJC_ROOT_CLASS = YES_ERROR;
				CLANG_WARN_QUOTED_INCLUDE_IN_FRAMEWORK_HEADER = YES;
				CLANG_WARN_RANGE_LOOP_ANALYSIS = YES;
				CLANG_WARN_STRICT_PROTOTYPES = YES;
				CLANG_WARN_SUSPICIOUS_MOVE = YES;
				CLANG_WARN_UNGUARDED_AVAILABILITY = YES_AGGRESSIVE;
				CLANG_WARN_UNREACHABLE_CODE = YES;
				CLANG_WARN__DUPLICATE_METHOD_MATCH = YES;
				COPY_PHASE_STRIP = NO;
				DEBUG_INFORMATION_FORMAT = dwarf;
				ENABLE_STRICT_OBJC_MSGSEND = YES;
				ENABLE_TESTABILITY = YES;
				GCC_C_LANGUAGE_STANDARD = gnu11;
				GCC_DYNAMIC_NO_PIC = NO;
				GCC_NO_COMMON_BLOCKS = YES;
				GCC_OPTIMIZATION_LEVEL = 0;
				GCC_PREPROCESSOR_DEFINITIONS = (
					"DEBUG=1",
					"$(inherited)",
				);
				GCC_WARN_64_TO_32_BIT_CONVERSION = YES;
				GCC_WARN_ABOUT_RETURN_TYPE = YES_ERROR;
				GCC_WARN_UNDECLARED_SELECTOR = YES;
				GCC_WARN_UNINITIALIZED_AUTOS = YES_AGGRESSIVE;
				GCC_WARN_UNUSED_FUNCTION = YES;
				GCC_WARN_UNUSED_VARIABLE = YES;
				IPHONEOS_DEPLOYMENT_TARGET = 14.0;
				MTL_ENABLE_DEBUG_INFO = INCLUDE_SOURCE;
				MTL_FAST_MATH = YES;
				ONLY_ACTIVE_ARCH = YES;
				SDKROOT = iphoneos;
				SWIFT_ACTIVE_COMPILATION_CONDITIONS = DEBUG;
				SWIFT_OPTIMIZATION_LEVEL = "-Onone";
			};
			name = Debug;
		};
		72BFB4312A80870A00C4CE0D /* Release */ = {
			isa = XCBuildConfiguration;
			buildSettings = {
				ALWAYS_SEARCH_USER_PATHS = NO;
				CLANG_ANALYZER_LOCALIZABILITY_NONLOCALIZED = YES;
				CLANG_ANALYZER_NONNULL = YES;
				CLANG_ANALYZER_NUMBER_OBJECT_CONVERSION = YES_AGGRESSIVE;
				CLANG_CXX_LANGUAGE_STANDARD = "gnu++20";
				CLANG_ENABLE_MODULES = YES;
				CLANG_ENABLE_OBJC_ARC = YES;
				CLANG_ENABLE_OBJC_WEAK = YES;
				CLANG_WARN_BLOCK_CAPTURE_AUTORELEASING = YES;
				CLANG_WARN_BOOL_CONVERSION = YES;
				CLANG_WARN_COMMA = YES;
				CLANG_WARN_CONSTANT_CONVERSION = YES;
				CLANG_WARN_DEPRECATED_OBJC_IMPLEMENTATIONS = YES;
				CLANG_WARN_DIRECT_OBJC_ISA_USAGE = YES_ERROR;
				CLANG_WARN_DOCUMENTATION_COMMENTS = YES;
				CLANG_WARN_EMPTY_BODY = YES;
				CLANG_WARN_ENUM_CONVERSION = YES;
				CLANG_WARN_INFINITE_RECURSION = YES;
				CLANG_WARN_INT_CONVERSION = YES;
				CLANG_WARN_NON_LITERAL_NULL_CONVERSION = YES;
				CLANG_WARN_OBJC_IMPLICIT_RETAIN_SELF = YES;
				CLANG_WARN_OBJC_LITERAL_CONVERSION = YES;
				CLANG_WARN_OBJC_ROOT_CLASS = YES_ERROR;
				CLANG_WARN_QUOTED_INCLUDE_IN_FRAMEWORK_HEADER = YES;
				CLANG_WARN_RANGE_LOOP_ANALYSIS = YES;
				CLANG_WARN_STRICT_PROTOTYPES = YES;
				CLANG_WARN_SUSPICIOUS_MOVE = YES;
				CLANG_WARN_UNGUARDED_AVAILABILITY = YES_AGGRESSIVE;
				CLANG_WARN_UNREACHABLE_CODE = YES;
				CLANG_WARN__DUPLICATE_METHOD_MATCH = YES;
				COPY_PHASE_STRIP = NO;
				DEBUG_INFORMATION_FORMAT = "dwarf-with-dsym";
				ENABLE_NS_ASSERTIONS = NO;
				ENABLE_STRICT_OBJC_MSGSEND = YES;
				GCC_C_LANGUAGE_STANDARD = gnu11;
				GCC_NO_COMMON_BLOCKS = YES;
				GCC_WARN_64_TO_32_BIT_CONVERSION = YES;
				GCC_WARN_ABOUT_RETURN_TYPE = YES_ERROR;
				GCC_WARN_UNDECLARED_SELECTOR = YES;
				GCC_WARN_UNINITIALIZED_AUTOS = YES_AGGRESSIVE;
				GCC_WARN_UNUSED_FUNCTION = YES;
				GCC_WARN_UNUSED_VARIABLE = YES;
				IPHONEOS_DEPLOYMENT_TARGET = 14.0;
				MTL_ENABLE_DEBUG_INFO = NO;
				MTL_FAST_MATH = YES;
				SDKROOT = iphoneos;
				SWIFT_COMPILATION_MODE = wholemodule;
				SWIFT_OPTIMIZATION_LEVEL = "-O";
				VALIDATE_PRODUCT = YES;
			};
			name = Release;
		};
		72BFB4332A80870A00C4CE0D /* Debug */ = {
			isa = XCBuildConfiguration;
			buildSettings = {
				ASSETCATALOG_COMPILER_APPICON_NAME = AppIcon;
				ASSETCATALOG_COMPILER_GLOBAL_ACCENT_COLOR_NAME = AccentColor;
				ASSETCATALOG_COMPILER_INCLUDE_ALL_APPICON_ASSETS = NO;
				CODE_SIGN_STYLE = Automatic;
				CURRENT_PROJECT_VERSION = 1;
				DEVELOPMENT_TEAM = SAMNQ5L895;
				GENERATE_INFOPLIST_FILE = YES;
				INFOPLIST_FILE = Testfiter/Info.plist;
				INFOPLIST_KEY_CFBundleDisplayName = Testfiter;
				INFOPLIST_KEY_UIApplicationSupportsIndirectInputEvents = YES;
				INFOPLIST_KEY_UILaunchStoryboardName = LaunchScreen;
				INFOPLIST_KEY_UIMainStoryboardFile = Main;
				INFOPLIST_KEY_UISupportedInterfaceOrientations = UIInterfaceOrientationPortrait;
				INFOPLIST_KEY_UISupportedInterfaceOrientations_iPad = "UIInterfaceOrientationLandscapeLeft UIInterfaceOrientationLandscapeRight UIInterfaceOrientationPortrait UIInterfaceOrientationPortraitUpsideDown";
				LD_RUNPATH_SEARCH_PATHS = (
					"$(inherited)",
					"@executable_path/Frameworks",
				);
				MARKETING_VERSION = 1.0;
				PRODUCT_BUNDLE_IDENTIFIER = com.Didami.testfiter;
				PRODUCT_NAME = "$(TARGET_NAME)";
				SUPPORTED_PLATFORMS = "iphoneos iphonesimulator";
				SUPPORTS_MACCATALYST = NO;
				SUPPORTS_MAC_DESIGNED_FOR_IPHONE_IPAD = YES;
				SWIFT_EMIT_LOC_STRINGS = YES;
				SWIFT_VERSION = 5.0;
				TARGETED_DEVICE_FAMILY = 1;
			};
			name = Debug;
		};
		72BFB4342A80870A00C4CE0D /* Release */ = {
			isa = XCBuildConfiguration;
			buildSettings = {
				ASSETCATALOG_COMPILER_APPICON_NAME = AppIcon;
				ASSETCATALOG_COMPILER_GLOBAL_ACCENT_COLOR_NAME = AccentColor;
				ASSETCATALOG_COMPILER_INCLUDE_ALL_APPICON_ASSETS = NO;
				CODE_SIGN_STYLE = Automatic;
				CURRENT_PROJECT_VERSION = 1;
				DEVELOPMENT_TEAM = SAMNQ5L895;
				GENERATE_INFOPLIST_FILE = YES;
				INFOPLIST_FILE = Testfiter/Info.plist;
				INFOPLIST_KEY_CFBundleDisplayName = Testfiter;
				INFOPLIST_KEY_UIApplicationSupportsIndirectInputEvents = YES;
				INFOPLIST_KEY_UILaunchStoryboardName = LaunchScreen;
				INFOPLIST_KEY_UIMainStoryboardFile = Main;
				INFOPLIST_KEY_UISupportedInterfaceOrientations = UIInterfaceOrientationPortrait;
				INFOPLIST_KEY_UISupportedInterfaceOrientations_iPad = "UIInterfaceOrientationLandscapeLeft UIInterfaceOrientationLandscapeRight UIInterfaceOrientationPortrait UIInterfaceOrientationPortraitUpsideDown";
				LD_RUNPATH_SEARCH_PATHS = (
					"$(inherited)",
					"@executable_path/Frameworks",
				);
				MARKETING_VERSION = 1.0;
				PRODUCT_BUNDLE_IDENTIFIER = com.Didami.testfiter;
				PRODUCT_NAME = "$(TARGET_NAME)";
				SUPPORTED_PLATFORMS = "iphoneos iphonesimulator";
				SUPPORTS_MACCATALYST = NO;
				SUPPORTS_MAC_DESIGNED_FOR_IPHONE_IPAD = YES;
				SWIFT_EMIT_LOC_STRINGS = YES;
				SWIFT_VERSION = 5.0;
				TARGETED_DEVICE_FAMILY = 1;
			};
			name = Release;
		};
/* End XCBuildConfiguration section */

/* Begin XCConfigurationList section */
		72BFB4192A80870800C4CE0D /* Build configuration list for PBXProject "Testfiter" */ = {
			isa = XCConfigurationList;
			buildConfigurations = (
				72BFB4302A80870A00C4CE0D /* Debug */,
				72BFB4312A80870A00C4CE0D /* Release */,
			);
			defaultConfigurationIsVisible = 0;
			defaultConfigurationName = Release;
		};
		72BFB4322A80870A00C4CE0D /* Build configuration list for PBXNativeTarget "Testfiter" */ = {
			isa = XCConfigurationList;
			buildConfigurations = (
				72BFB4332A80870A00C4CE0D /* Debug */,
				72BFB4342A80870A00C4CE0D /* Release */,
			);
			defaultConfigurationIsVisible = 0;
			defaultConfigurationName = Release;
		};
/* End XCConfigurationList section */
	};
	rootObject = 72BFB4162A80870800C4CE0D /* Project object */;
}
